// !$*UTF8*$!
{
	archiveVersion = 1;
	classes = {
	};
	objectVersion = 46;
	objects = {

/* Begin PBXBuildFile section */
		35C941D057EC4339BA936546 /* libPods.a in Frameworks */ = {isa = PBXBuildFile; fileRef = C8A602895C9445788B0A0957 /* libPods.a */; };
		5088D9CD1521EC0700A1A9DE /* CoreText.framework in Frameworks */ = {isa = PBXBuildFile; fileRef = 5088D9CC1521EC0700A1A9DE /* CoreText.framework */; };
		5088D9CF1521EC1800A1A9DE /* MessageUI.framework in Frameworks */ = {isa = PBXBuildFile; fileRef = 5088D9CE1521EC1800A1A9DE /* MessageUI.framework */; };
		5088D9D11521EC2400A1A9DE /* libz.dylib in Frameworks */ = {isa = PBXBuildFile; fileRef = 5088D9D01521EC2400A1A9DE /* libz.dylib */; };
		5088D9D31521EC2B00A1A9DE /* ImageIO.framework in Frameworks */ = {isa = PBXBuildFile; fileRef = 5088D9D21521EC2B00A1A9DE /* ImageIO.framework */; };
		5088D9D51521EC3100A1A9DE /* CoreMedia.framework in Frameworks */ = {isa = PBXBuildFile; fileRef = 5088D9D41521EC3100A1A9DE /* CoreMedia.framework */; };
		5088D9D71521EC3E00A1A9DE /* AVFoundation.framework in Frameworks */ = {isa = PBXBuildFile; fileRef = 5088D9D61521EC3E00A1A9DE /* AVFoundation.framework */; };
		5093F24E14E532F1004DC805 /* PTShowcaseViewController.m in Sources */ = {isa = PBXBuildFile; fileRef = 5093F24D14E532F1004DC805 /* PTShowcaseViewController.m */; };
		5093F25314E53496004DC805 /* PTShowcaseView.m in Sources */ = {isa = PBXBuildFile; fileRef = 5093F25214E53496004DC805 /* PTShowcaseView.m */; };
		5093F25514E538A5004DC805 /* QuartzCore.framework in Frameworks */ = {isa = PBXBuildFile; fileRef = 5093F25414E538A5004DC805 /* QuartzCore.framework */; };
		5093F29114E557A3004DC805 /* PTDemoViewController.m in Sources */ = {isa = PBXBuildFile; fileRef = 5093F29014E557A3004DC805 /* PTDemoViewController.m */; };
		509B91011844A6070084A300 /* Default-568h@2x.png in Resources */ = {isa = PBXBuildFile; fileRef = 509B91001844A6070084A300 /* Default-568h@2x.png */; };
		50A2F63614F63EE0009EE464 /* ShowcaseDemo.plist in Resources */ = {isa = PBXBuildFile; fileRef = 50A2F63514F63EE0009EE464 /* ShowcaseDemo.plist */; };
		50A601AE14F556A3002076AB /* MediaPlayer.framework in Frameworks */ = {isa = PBXBuildFile; fileRef = 50A601AD14F556A3002076AB /* MediaPlayer.framework */; };
		50A601B014F55D99002076AB /* ShowcaseDemo.bundle in Resources */ = {isa = PBXBuildFile; fileRef = 50A601AF14F55D99002076AB /* ShowcaseDemo.bundle */; };
		50ACF7281844E4EB00DEB286 /* PT_CaptionedPhotoView.m in Sources */ = {isa = PBXBuildFile; fileRef = 50ACF71F1844E4EB00DEB286 /* PT_CaptionedPhotoView.m */; };
		50ACF7291844E4EB00DEB286 /* PT_NetworkPhotoAlbumViewController.m in Sources */ = {isa = PBXBuildFile; fileRef = 50ACF7211844E4EB00DEB286 /* PT_NetworkPhotoAlbumViewController.m */; };
		50ACF72A1844E4EB00DEB286 /* PTImageAlbumView.m in Sources */ = {isa = PBXBuildFile; fileRef = 50ACF7231844E4EB00DEB286 /* PTImageAlbumView.m */; };
		50ACF72B1844E4EB00DEB286 /* PTImageAlbumViewController.m in Sources */ = {isa = PBXBuildFile; fileRef = 50ACF7251844E4EB00DEB286 /* PTImageAlbumViewController.m */; };
		50DE74F314E964FE0070F1FE /* PTShowcase.bundle in Resources */ = {isa = PBXBuildFile; fileRef = 50DE74F214E964FE0070F1FE /* PTShowcase.bundle */; };
		50FC0D1A14E3D44300F28648 /* UIKit.framework in Frameworks */ = {isa = PBXBuildFile; fileRef = 50FC0D1914E3D44300F28648 /* UIKit.framework */; };
		50FC0D1C14E3D44300F28648 /* Foundation.framework in Frameworks */ = {isa = PBXBuildFile; fileRef = 50FC0D1B14E3D44300F28648 /* Foundation.framework */; };
		50FC0D1E14E3D44300F28648 /* CoreGraphics.framework in Frameworks */ = {isa = PBXBuildFile; fileRef = 50FC0D1D14E3D44300F28648 /* CoreGraphics.framework */; };
		50FC0D2414E3D44300F28648 /* InfoPlist.strings in Resources */ = {isa = PBXBuildFile; fileRef = 50FC0D2214E3D44300F28648 /* InfoPlist.strings */; };
		50FC0D2614E3D44300F28648 /* main.m in Sources */ = {isa = PBXBuildFile; fileRef = 50FC0D2514E3D44300F28648 /* main.m */; };
		50FC0D2A14E3D44300F28648 /* PTAppDelegate.m in Sources */ = {isa = PBXBuildFile; fileRef = 50FC0D2914E3D44300F28648 /* PTAppDelegate.m */; };
/* End PBXBuildFile section */

/* Begin PBXFileReference section */
		5088D9CC1521EC0700A1A9DE /* CoreText.framework */ = {isa = PBXFileReference; lastKnownFileType = wrapper.framework; name = CoreText.framework; path = System/Library/Frameworks/CoreText.framework; sourceTree = SDKROOT; };
		5088D9CE1521EC1800A1A9DE /* MessageUI.framework */ = {isa = PBXFileReference; lastKnownFileType = wrapper.framework; name = MessageUI.framework; path = System/Library/Frameworks/MessageUI.framework; sourceTree = SDKROOT; };
		5088D9D01521EC2400A1A9DE /* libz.dylib */ = {isa = PBXFileReference; lastKnownFileType = "compiled.mach-o.dylib"; name = libz.dylib; path = usr/lib/libz.dylib; sourceTree = SDKROOT; };
		5088D9D21521EC2B00A1A9DE /* ImageIO.framework */ = {isa = PBXFileReference; lastKnownFileType = wrapper.framework; name = ImageIO.framework; path = System/Library/Frameworks/ImageIO.framework; sourceTree = SDKROOT; };
		5088D9D41521EC3100A1A9DE /* CoreMedia.framework */ = {isa = PBXFileReference; lastKnownFileType = wrapper.framework; name = CoreMedia.framework; path = System/Library/Frameworks/CoreMedia.framework; sourceTree = SDKROOT; };
		5088D9D61521EC3E00A1A9DE /* AVFoundation.framework */ = {isa = PBXFileReference; lastKnownFileType = wrapper.framework; name = AVFoundation.framework; path = System/Library/Frameworks/AVFoundation.framework; sourceTree = SDKROOT; };
		5088D9D91521EC9F00A1A9DE /* PSPDFKit.bundle */ = {isa = PBXFileReference; lastKnownFileType = "wrapper.plug-in"; name = PSPDFKit.bundle; path = ../../../Libraries/PSPDFKit/PSPDFKit.framework/Versions/A/Resources/PSPDFKit.bundle; sourceTree = "<group>"; };
		5093F24C14E532F1004DC805 /* PTShowcaseViewController.h */ = {isa = PBXFileReference; fileEncoding = 4; lastKnownFileType = sourcecode.c.h; path = PTShowcaseViewController.h; sourceTree = "<group>"; };
		5093F24D14E532F1004DC805 /* PTShowcaseViewController.m */ = {isa = PBXFileReference; fileEncoding = 4; lastKnownFileType = sourcecode.c.objc; path = PTShowcaseViewController.m; sourceTree = "<group>"; };
		5093F25114E53496004DC805 /* PTShowcaseView.h */ = {isa = PBXFileReference; fileEncoding = 4; lastKnownFileType = sourcecode.c.h; path = PTShowcaseView.h; sourceTree = "<group>"; };
		5093F25214E53496004DC805 /* PTShowcaseView.m */ = {isa = PBXFileReference; fileEncoding = 4; lastKnownFileType = sourcecode.c.objc; path = PTShowcaseView.m; sourceTree = "<group>"; };
		5093F25414E538A5004DC805 /* QuartzCore.framework */ = {isa = PBXFileReference; lastKnownFileType = wrapper.framework; name = QuartzCore.framework; path = System/Library/Frameworks/QuartzCore.framework; sourceTree = SDKROOT; };
		5093F28F14E557A3004DC805 /* PTDemoViewController.h */ = {isa = PBXFileReference; fileEncoding = 4; lastKnownFileType = sourcecode.c.h; path = PTDemoViewController.h; sourceTree = "<group>"; };
		5093F29014E557A3004DC805 /* PTDemoViewController.m */ = {isa = PBXFileReference; fileEncoding = 4; lastKnownFileType = sourcecode.c.objc; path = PTDemoViewController.m; sourceTree = "<group>"; };
		509B91001844A6070084A300 /* Default-568h@2x.png */ = {isa = PBXFileReference; lastKnownFileType = image.png; name = "Default-568h@2x.png"; path = "../Default-568h@2x.png"; sourceTree = "<group>"; };
		50A2F63514F63EE0009EE464 /* ShowcaseDemo.plist */ = {isa = PBXFileReference; fileEncoding = 4; lastKnownFileType = text.plist.xml; path = ShowcaseDemo.plist; sourceTree = "<group>"; };
		50A601AD14F556A3002076AB /* MediaPlayer.framework */ = {isa = PBXFileReference; lastKnownFileType = wrapper.framework; name = MediaPlayer.framework; path = System/Library/Frameworks/MediaPlayer.framework; sourceTree = SDKROOT; };
		50A601AF14F55D99002076AB /* ShowcaseDemo.bundle */ = {isa = PBXFileReference; lastKnownFileType = "wrapper.plug-in"; path = ShowcaseDemo.bundle; sourceTree = "<group>"; };
		50ACF71E1844E4EB00DEB286 /* PT_CaptionedPhotoView.h */ = {isa = PBXFileReference; fileEncoding = 4; lastKnownFileType = sourcecode.c.h; path = PT_CaptionedPhotoView.h; sourceTree = "<group>"; };
		50ACF71F1844E4EB00DEB286 /* PT_CaptionedPhotoView.m */ = {isa = PBXFileReference; fileEncoding = 4; lastKnownFileType = sourcecode.c.objc; path = PT_CaptionedPhotoView.m; sourceTree = "<group>"; };
		50ACF7201844E4EB00DEB286 /* PT_NetworkPhotoAlbumViewController.h */ = {isa = PBXFileReference; fileEncoding = 4; lastKnownFileType = sourcecode.c.h; path = PT_NetworkPhotoAlbumViewController.h; sourceTree = "<group>"; };
		50ACF7211844E4EB00DEB286 /* PT_NetworkPhotoAlbumViewController.m */ = {isa = PBXFileReference; fileEncoding = 4; lastKnownFileType = sourcecode.c.objc; path = PT_NetworkPhotoAlbumViewController.m; sourceTree = "<group>"; };
		50ACF7221844E4EB00DEB286 /* PTImageAlbumView.h */ = {isa = PBXFileReference; fileEncoding = 4; lastKnownFileType = sourcecode.c.h; path = PTImageAlbumView.h; sourceTree = "<group>"; };
		50ACF7231844E4EB00DEB286 /* PTImageAlbumView.m */ = {isa = PBXFileReference; fileEncoding = 4; lastKnownFileType = sourcecode.c.objc; path = PTImageAlbumView.m; sourceTree = "<group>"; };
		50ACF7241844E4EB00DEB286 /* PTImageAlbumViewController.h */ = {isa = PBXFileReference; fileEncoding = 4; lastKnownFileType = sourcecode.c.h; path = PTImageAlbumViewController.h; sourceTree = "<group>"; };
		50ACF7251844E4EB00DEB286 /* PTImageAlbumViewController.m */ = {isa = PBXFileReference; fileEncoding = 4; lastKnownFileType = sourcecode.c.objc; path = PTImageAlbumViewController.m; sourceTree = "<group>"; };
		50ACF7261844E4EB00DEB286 /* PTImageAlbumViewDataSource.h */ = {isa = PBXFileReference; fileEncoding = 4; lastKnownFileType = sourcecode.c.h; path = PTImageAlbumViewDataSource.h; sourceTree = "<group>"; };
		50ACF7271844E4EB00DEB286 /* PTImageAlbumViewDelegate.h */ = {isa = PBXFileReference; fileEncoding = 4; lastKnownFileType = sourcecode.c.h; path = PTImageAlbumViewDelegate.h; sourceTree = "<group>"; };
		50DE74F214E964FE0070F1FE /* PTShowcase.bundle */ = {isa = PBXFileReference; lastKnownFileType = "wrapper.plug-in"; path = PTShowcase.bundle; sourceTree = "<group>"; };
		50FC0D1514E3D44300F28648 /* ShowcaseDemo.app */ = {isa = PBXFileReference; explicitFileType = wrapper.application; includeInIndex = 0; path = ShowcaseDemo.app; sourceTree = BUILT_PRODUCTS_DIR; };
		50FC0D1914E3D44300F28648 /* UIKit.framework */ = {isa = PBXFileReference; lastKnownFileType = wrapper.framework; name = UIKit.framework; path = System/Library/Frameworks/UIKit.framework; sourceTree = SDKROOT; };
		50FC0D1B14E3D44300F28648 /* Foundation.framework */ = {isa = PBXFileReference; lastKnownFileType = wrapper.framework; name = Foundation.framework; path = System/Library/Frameworks/Foundation.framework; sourceTree = SDKROOT; };
		50FC0D1D14E3D44300F28648 /* CoreGraphics.framework */ = {isa = PBXFileReference; lastKnownFileType = wrapper.framework; name = CoreGraphics.framework; path = System/Library/Frameworks/CoreGraphics.framework; sourceTree = SDKROOT; };
		50FC0D2114E3D44300F28648 /* ShowcaseDemo-Info.plist */ = {isa = PBXFileReference; lastKnownFileType = text.plist.xml; path = "ShowcaseDemo-Info.plist"; sourceTree = "<group>"; };
		50FC0D2314E3D44300F28648 /* en */ = {isa = PBXFileReference; lastKnownFileType = text.plist.strings; name = en; path = en.lproj/InfoPlist.strings; sourceTree = "<group>"; };
		50FC0D2514E3D44300F28648 /* main.m */ = {isa = PBXFileReference; lastKnownFileType = sourcecode.c.objc; path = main.m; sourceTree = "<group>"; };
		50FC0D2714E3D44300F28648 /* ShowcaseDemo-Prefix.pch */ = {isa = PBXFileReference; lastKnownFileType = sourcecode.c.h; path = "ShowcaseDemo-Prefix.pch"; sourceTree = "<group>"; };
		50FC0D2814E3D44300F28648 /* PTAppDelegate.h */ = {isa = PBXFileReference; lastKnownFileType = sourcecode.c.h; path = PTAppDelegate.h; sourceTree = "<group>"; };
		50FC0D2914E3D44300F28648 /* PTAppDelegate.m */ = {isa = PBXFileReference; lastKnownFileType = sourcecode.c.objc; path = PTAppDelegate.m; sourceTree = "<group>"; };
		581873E944F84A2DAC74BB81 /* Pods.xcconfig */ = {isa = PBXFileReference; includeInIndex = 1; lastKnownFileType = text.xcconfig; name = Pods.xcconfig; path = Pods/Pods.xcconfig; sourceTree = "<group>"; };
		C8A602895C9445788B0A0957 /* libPods.a */ = {isa = PBXFileReference; explicitFileType = archive.ar; includeInIndex = 0; path = libPods.a; sourceTree = BUILT_PRODUCTS_DIR; };
/* End PBXFileReference section */

/* Begin PBXFrameworksBuildPhase section */
		50FC0D1214E3D44300F28648 /* Frameworks */ = {
			isa = PBXFrameworksBuildPhase;
			buildActionMask = 2147483647;
			files = (
				5088D9D71521EC3E00A1A9DE /* AVFoundation.framework in Frameworks */,
				50A601AE14F556A3002076AB /* MediaPlayer.framework in Frameworks */,
				5088D9D51521EC3100A1A9DE /* CoreMedia.framework in Frameworks */,
				5088D9D31521EC2B00A1A9DE /* ImageIO.framework in Frameworks */,
				5088D9D11521EC2400A1A9DE /* libz.dylib in Frameworks */,
				5088D9CF1521EC1800A1A9DE /* MessageUI.framework in Frameworks */,
				5093F25514E538A5004DC805 /* QuartzCore.framework in Frameworks */,
				5088D9CD1521EC0700A1A9DE /* CoreText.framework in Frameworks */,
				50FC0D1A14E3D44300F28648 /* UIKit.framework in Frameworks */,
				50FC0D1C14E3D44300F28648 /* Foundation.framework in Frameworks */,
				50FC0D1E14E3D44300F28648 /* CoreGraphics.framework in Frameworks */,
				35C941D057EC4339BA936546 /* libPods.a in Frameworks */,
			);
			runOnlyForDeploymentPostprocessing = 0;
		};
/* End PBXFrameworksBuildPhase section */

/* Begin PBXGroup section */
		5088D9D81521EC9500A1A9DE /* Resources */ = {
			isa = PBXGroup;
			children = (
				5088D9D91521EC9F00A1A9DE /* PSPDFKit.bundle */,
			);
			name = Resources;
			sourceTree = "<group>";
		};
		50A7967014E3D95E002B9117 /* PTShowcaseViewController */ = {
			isa = PBXGroup;
			children = (
				50DE74F214E964FE0070F1FE /* PTShowcase.bundle */,
				5093F25114E53496004DC805 /* PTShowcaseView.h */,
				5093F25214E53496004DC805 /* PTShowcaseView.m */,
				5093F24C14E532F1004DC805 /* PTShowcaseViewController.h */,
				5093F24D14E532F1004DC805 /* PTShowcaseViewController.m */,
			);
			name = PTShowcaseViewController;
			path = ../../PTShowcaseViewController;
			sourceTree = "<group>";
		};
		50ACF6E91844E4D700DEB286 /* Libraries */ = {
			isa = PBXGroup;
			children = (
				50ACF71D1844E4EB00DEB286 /* PTImageAlbumViewController */,
			);
			name = Libraries;
			path = ../../Libraries;
			sourceTree = "<group>";
		};
		50ACF71D1844E4EB00DEB286 /* PTImageAlbumViewController */ = {
			isa = PBXGroup;
			children = (
				50ACF71E1844E4EB00DEB286 /* PT_CaptionedPhotoView.h */,
				50ACF71F1844E4EB00DEB286 /* PT_CaptionedPhotoView.m */,
				50ACF7201844E4EB00DEB286 /* PT_NetworkPhotoAlbumViewController.h */,
				50ACF7211844E4EB00DEB286 /* PT_NetworkPhotoAlbumViewController.m */,
				50ACF7221844E4EB00DEB286 /* PTImageAlbumView.h */,
				50ACF7231844E4EB00DEB286 /* PTImageAlbumView.m */,
				50ACF7241844E4EB00DEB286 /* PTImageAlbumViewController.h */,
				50ACF7251844E4EB00DEB286 /* PTImageAlbumViewController.m */,
				50ACF7261844E4EB00DEB286 /* PTImageAlbumViewDataSource.h */,
				50ACF7271844E4EB00DEB286 /* PTImageAlbumViewDelegate.h */,
			);
			name = PTImageAlbumViewController;
			path = PTImageAlbumViewController/PTImageAlbumViewController;
			sourceTree = "<group>";
		};
		50FC0D0A14E3D44300F28648 = {
			isa = PBXGroup;
			children = (
				50FC0D1F14E3D44300F28648 /* ShowcaseDemo */,
				50A7967014E3D95E002B9117 /* PTShowcaseViewController */,
				50ACF6E91844E4D700DEB286 /* Libraries */,
				50FC0D1814E3D44300F28648 /* Frameworks */,
				50FC0D1614E3D44300F28648 /* Products */,
				581873E944F84A2DAC74BB81 /* Pods.xcconfig */,
			);
			sourceTree = "<group>";
		};
		50FC0D1614E3D44300F28648 /* Products */ = {
			isa = PBXGroup;
			children = (
				50FC0D1514E3D44300F28648 /* ShowcaseDemo.app */,
			);
			name = Products;
			sourceTree = "<group>";
		};
		50FC0D1814E3D44300F28648 /* Frameworks */ = {
			isa = PBXGroup;
			children = (
				5088D9D61521EC3E00A1A9DE /* AVFoundation.framework */,
				5088D9D41521EC3100A1A9DE /* CoreMedia.framework */,
				5088D9D21521EC2B00A1A9DE /* ImageIO.framework */,
				5088D9D01521EC2400A1A9DE /* libz.dylib */,
				5088D9CE1521EC1800A1A9DE /* MessageUI.framework */,
				5088D9CC1521EC0700A1A9DE /* CoreText.framework */,
				50FC0D1914E3D44300F28648 /* UIKit.framework */,
				50FC0D1B14E3D44300F28648 /* Foundation.framework */,
				50FC0D1D14E3D44300F28648 /* CoreGraphics.framework */,
				5093F25414E538A5004DC805 /* QuartzCore.framework */,
				50A601AD14F556A3002076AB /* MediaPlayer.framework */,
				C8A602895C9445788B0A0957 /* libPods.a */,
			);
			name = Frameworks;
			sourceTree = "<group>";
		};
		50FC0D1F14E3D44300F28648 /* ShowcaseDemo */ = {
			isa = PBXGroup;
			children = (
				50FC0D2814E3D44300F28648 /* PTAppDelegate.h */,
				50FC0D2914E3D44300F28648 /* PTAppDelegate.m */,
				5093F28F14E557A3004DC805 /* PTDemoViewController.h */,
				5093F29014E557A3004DC805 /* PTDemoViewController.m */,
				50A601AF14F55D99002076AB /* ShowcaseDemo.bundle */,
				50A2F63514F63EE0009EE464 /* ShowcaseDemo.plist */,
				50FC0D2014E3D44300F28648 /* Supporting Files */,
			);
			path = ShowcaseDemo;
			sourceTree = "<group>";
		};
		50FC0D2014E3D44300F28648 /* Supporting Files */ = {
			isa = PBXGroup;
			children = (
				5088D9D81521EC9500A1A9DE /* Resources */,
				50FC0D2114E3D44300F28648 /* ShowcaseDemo-Info.plist */,
				50FC0D2214E3D44300F28648 /* InfoPlist.strings */,
				50FC0D2514E3D44300F28648 /* main.m */,
				50FC0D2714E3D44300F28648 /* ShowcaseDemo-Prefix.pch */,
				509B91001844A6070084A300 /* Default-568h@2x.png */,
			);
			name = "Supporting Files";
			sourceTree = "<group>";
		};
/* End PBXGroup section */

/* Begin PBXNativeTarget section */
		50FC0D1414E3D44300F28648 /* ShowcaseDemo */ = {
			isa = PBXNativeTarget;
			buildConfigurationList = 50FC0D2D14E3D44300F28648 /* Build configuration list for PBXNativeTarget "ShowcaseDemo" */;
			buildPhases = (
				74B5FAB50DF8441A94450DD2 /* Check Pods Manifest.lock */,
				50FC0D1114E3D44300F28648 /* Sources */,
				50FC0D1214E3D44300F28648 /* Frameworks */,
				50FC0D1314E3D44300F28648 /* Resources */,
				0D08BC736D5A4DCCA8D2356C /* Copy Pods Resources */,
			);
			buildRules = (
			);
			dependencies = (
			);
			name = ShowcaseDemo;
			productName = ShowcaseDemo;
			productReference = 50FC0D1514E3D44300F28648 /* ShowcaseDemo.app */;
			productType = "com.apple.product-type.application";
		};
/* End PBXNativeTarget section */

/* Begin PBXProject section */
		50FC0D0C14E3D44300F28648 /* Project object */ = {
			isa = PBXProject;
			attributes = {
				LastUpgradeCheck = 0460;
				ORGANIZATIONNAME = "Apex-net srl";
			};
			buildConfigurationList = 50FC0D0F14E3D44300F28648 /* Build configuration list for PBXProject "ShowcaseDemo" */;
			compatibilityVersion = "Xcode 3.2";
			developmentRegion = English;
			hasScannedForEncodings = 0;
			knownRegions = (
				en,
			);
			mainGroup = 50FC0D0A14E3D44300F28648;
			productRefGroup = 50FC0D1614E3D44300F28648 /* Products */;
			projectDirPath = "";
			projectRoot = "";
			targets = (
				50FC0D1414E3D44300F28648 /* ShowcaseDemo */,
			);
		};
/* End PBXProject section */

/* Begin PBXResourcesBuildPhase section */
		50FC0D1314E3D44300F28648 /* Resources */ = {
			isa = PBXResourcesBuildPhase;
			buildActionMask = 2147483647;
			files = (
				50FC0D2414E3D44300F28648 /* InfoPlist.strings in Resources */,
				50DE74F314E964FE0070F1FE /* PTShowcase.bundle in Resources */,
				50A601B014F55D99002076AB /* ShowcaseDemo.bundle in Resources */,
				50A2F63614F63EE0009EE464 /* ShowcaseDemo.plist in Resources */,
				509B91011844A6070084A300 /* Default-568h@2x.png in Resources */,
			);
			runOnlyForDeploymentPostprocessing = 0;
		};
/* End PBXResourcesBuildPhase section */

/* Begin PBXShellScriptBuildPhase section */
		0D08BC736D5A4DCCA8D2356C /* Copy Pods Resources */ = {
			isa = PBXShellScriptBuildPhase;
			buildActionMask = 2147483647;
			files = (
			);
			inputPaths = (
			);
			name = "Copy Pods Resources";
			outputPaths = (
			);
			runOnlyForDeploymentPostprocessing = 0;
			shellPath = /bin/sh;
			shellScript = "\"${SRCROOT}/Pods/Pods-resources.sh\"\n";
			showEnvVarsInLog = 0;
		};
		74B5FAB50DF8441A94450DD2 /* Check Pods Manifest.lock */ = {
			isa = PBXShellScriptBuildPhase;
			buildActionMask = 2147483647;
			files = (
			);
			inputPaths = (
			);
			name = "Check Pods Manifest.lock";
			outputPaths = (
			);
			runOnlyForDeploymentPostprocessing = 0;
			shellPath = /bin/sh;
			shellScript = "diff \"${PODS_ROOT}/../Podfile.lock\" \"${PODS_ROOT}/Manifest.lock\" > /dev/null\nif [[ $? != 0 ]] ; then\n    cat << EOM\nerror: The sandbox is not in sync with the Podfile.lock. Run 'pod install' or update your CocoaPods installation.\nEOM\n    exit 1\nfi\n";
			showEnvVarsInLog = 0;
		};
/* End PBXShellScriptBuildPhase section */

/* Begin PBXSourcesBuildPhase section */
		50FC0D1114E3D44300F28648 /* Sources */ = {
			isa = PBXSourcesBuildPhase;
			buildActionMask = 2147483647;
			files = (
				50FC0D2614E3D44300F28648 /* main.m in Sources */,
				50FC0D2A14E3D44300F28648 /* PTAppDelegate.m in Sources */,
				5093F24E14E532F1004DC805 /* PTShowcaseViewController.m in Sources */,
				5093F25314E53496004DC805 /* PTShowcaseView.m in Sources */,
				5093F29114E557A3004DC805 /* PTDemoViewController.m in Sources */,
				50ACF7281844E4EB00DEB286 /* PT_CaptionedPhotoView.m in Sources */,
				50ACF7291844E4EB00DEB286 /* PT_NetworkPhotoAlbumViewController.m in Sources */,
				50ACF72A1844E4EB00DEB286 /* PTImageAlbumView.m in Sources */,
				50ACF72B1844E4EB00DEB286 /* PTImageAlbumViewController.m in Sources */,
			);
			runOnlyForDeploymentPostprocessing = 0;
		};
/* End PBXSourcesBuildPhase section */

/* Begin PBXVariantGroup section */
		50FC0D2214E3D44300F28648 /* InfoPlist.strings */ = {
			isa = PBXVariantGroup;
			children = (
				50FC0D2314E3D44300F28648 /* en */,
			);
			name = InfoPlist.strings;
			sourceTree = "<group>";
		};
/* End PBXVariantGroup section */

/* Begin XCBuildConfiguration section */
		50FC0D2B14E3D44300F28648 /* Debug */ = {
			isa = XCBuildConfiguration;
			buildSettings = {
				ALWAYS_SEARCH_USER_PATHS = NO;
				ARCHS = "$(ARCHS_STANDARD_32_BIT)";
				CLANG_ENABLE_OBJC_ARC = YES;
				CLANG_WARN_CONSTANT_CONVERSION = YES;
				CLANG_WARN_ENUM_CONVERSION = YES;
				CLANG_WARN_INT_CONVERSION = YES;
				CLANG_WARN__DUPLICATE_METHOD_MATCH = YES;
				"CODE_SIGN_IDENTITY[sdk=iphoneos*]" = "iPhone Developer";
				COPY_PHASE_STRIP = NO;
				GCC_C_LANGUAGE_STANDARD = gnu99;
				GCC_DYNAMIC_NO_PIC = NO;
				GCC_OPTIMIZATION_LEVEL = 0;
				GCC_PREPROCESSOR_DEFINITIONS = (
					"DEBUG=1",
					"$(inherited)",
				);
				GCC_SYMBOLS_PRIVATE_EXTERN = NO;
				GCC_VERSION = com.apple.compilers.llvm.clang.1_0;
				GCC_WARN_ABOUT_MISSING_PROTOTYPES = YES;
				GCC_WARN_ABOUT_RETURN_TYPE = YES;
				GCC_WARN_UNINITIALIZED_AUTOS = YES;
				GCC_WARN_UNUSED_VARIABLE = YES;
				HEADER_SEARCH_PATHS = "\"$(SRCROOT)/../../Libraries/GMGridView/GMGridView\"";
				IPHONEOS_DEPLOYMENT_TARGET = 5.0;
				SDKROOT = iphoneos;
				TARGETED_DEVICE_FAMILY = "1,2";
			};
			name = Debug;
		};
		50FC0D2C14E3D44300F28648 /* Release */ = {
			isa = XCBuildConfiguration;
			buildSettings = {
				ALWAYS_SEARCH_USER_PATHS = NO;
				ARCHS = "$(ARCHS_STANDARD_32_BIT)";
				CLANG_ENABLE_OBJC_ARC = YES;
				CLANG_WARN_CONSTANT_CONVERSION = YES;
				CLANG_WARN_ENUM_CONVERSION = YES;
				CLANG_WARN_INT_CONVERSION = YES;
				CLANG_WARN__DUPLICATE_METHOD_MATCH = YES;
				"CODE_SIGN_IDENTITY[sdk=iphoneos*]" = "iPhone Developer";
				COPY_PHASE_STRIP = YES;
				GCC_C_LANGUAGE_STANDARD = gnu99;
				GCC_VERSION = com.apple.compilers.llvm.clang.1_0;
				GCC_WARN_ABOUT_MISSING_PROTOTYPES = YES;
				GCC_WARN_ABOUT_RETURN_TYPE = YES;
				GCC_WARN_UNINITIALIZED_AUTOS = YES;
				GCC_WARN_UNUSED_VARIABLE = YES;
				HEADER_SEARCH_PATHS = "\"$(SRCROOT)/../../Libraries/GMGridView/GMGridView\"";
				IPHONEOS_DEPLOYMENT_TARGET = 5.0;
				OTHER_CFLAGS = "-DNS_BLOCK_ASSERTIONS=1";
				SDKROOT = iphoneos;
				TARGETED_DEVICE_FAMILY = "1,2";
				VALIDATE_PRODUCT = YES;
			};
			name = Release;
		};
		50FC0D2E14E3D44300F28648 /* Debug */ = {
			isa = XCBuildConfiguration;
			baseConfigurationReference = 581873E944F84A2DAC74BB81 /* Pods.xcconfig */;
			buildSettings = {
				CLANG_ENABLE_OBJC_ARC = YES;
				FRAMEWORK_SEARCH_PATHS = "$(inherited)";
				GCC_PRECOMPILE_PREFIX_HEADER = YES;
				GCC_PREFIX_HEADER = "ShowcaseDemo/ShowcaseDemo-Prefix.pch";
				INFOPLIST_FILE = "ShowcaseDemo/ShowcaseDemo-Info.plist";
				OTHER_LDFLAGS = "-ObjC";
				PRODUCT_NAME = "$(TARGET_NAME)";
				WRAPPER_EXTENSION = app;
			};
			name = Debug;
		};
		50FC0D2F14E3D44300F28648 /* Release */ = {
			isa = XCBuildConfiguration;
			baseConfigurationReference = 581873E944F84A2DAC74BB81 /* Pods.xcconfig */;
			buildSettings = {
				CLANG_ENABLE_OBJC_ARC = YES;
				FRAMEWORK_SEARCH_PATHS = "$(inherited)";
				GCC_PRECOMPILE_PREFIX_HEADER = YES;
				GCC_PREFIX_HEADER = "ShowcaseDemo/ShowcaseDemo-Prefix.pch";
				INFOPLIST_FILE = "ShowcaseDemo/ShowcaseDemo-Info.plist";
				OTHER_LDFLAGS = "-ObjC";
				PRODUCT_NAME = "$(TARGET_NAME)";
				WRAPPER_EXTENSION = app;
			};
			name = Release;
		};
/* End XCBuildConfiguration section */

/* Begin XCConfigurationList section */
		50FC0D0F14E3D44300F28648 /* Build configuration list for PBXProject "ShowcaseDemo" */ = {
			isa = XCConfigurationList;
			buildConfigurations = (
				50FC0D2B14E3D44300F28648 /* Debug */,
				50FC0D2C14E3D44300F28648 /* Release */,
			);
			defaultConfigurationIsVisible = 0;
			defaultConfigurationName = Release;
		};
		50FC0D2D14E3D44300F28648 /* Build configuration list for PBXNativeTarget "ShowcaseDemo" */ = {
			isa = XCConfigurationList;
			buildConfigurations = (
				50FC0D2E14E3D44300F28648 /* Debug */,
				50FC0D2F14E3D44300F28648 /* Release */,
			);
			defaultConfigurationIsVisible = 0;
			defaultConfigurationName = Release;
		};
/* End XCConfigurationList section */
	};
	rootObject = 50FC0D0C14E3D44300F28648 /* Project object */;
}
